
Microsoft Visual Studio Solution File, Format Version 12.00
# Visual Studio 15
VisualStudioVersion = 15.0.28010.2016
MinimumVisualStudioVersion = 10.0.40219.1
Project("{FAE04EC0-301F-11D3-BF4B-00C04F79EFBC}") = "LibraryManagement", "LibraryManagement\LibraryManagement.csproj", "{EA9AA109-381E-4014-9494-B99DA3CA3008}"
EndProject
Global
	GlobalSection(SolutionConfigurationPlatforms) = preSolution
		Debug|Any CPU = Debug|Any CPU
		Release|Any CPU = Release|Any CPU
	EndGlobalSection
	GlobalSection(ProjectConfigurationPlatforms) = postSolution
		{EA9AA109-381E-4014-9494-B99DA3CA3008}.Debug|Any CPU.ActiveCfg = Debug|Any CPU
		{EA9AA109-381E-4014-9494-B99DA3CA3008}.Debug|Any CPU.Build.0 = Debug|Any CPU
		{EA9AA109-381E-4014-9494-B99DA3CA3008}.Release|Any CPU.ActiveCfg = Release|Any CPU
		{EA9AA109-381E-4014-9494-B99DA3CA3008}.Release|Any CPU.Build.0 = Release|Any CPU
	EndGlobalSection
	GlobalSection(SolutionProperties) = preSolution
		HideSolutionNode = FALSE
	EndGlobalSection
	GlobalSection(ExtensibilityGlobals) = postSolution
		SolutionGuid = {C1D1EAC4-0A52-47EF-BA48-48DB6FB5901B}
	EndGlobalSection
EndGlobal
